
Microsoft Visual Studio Solution File, Format Version 12.00
# Visual Studio Version 16
VisualStudioVersion = 16.0.32901.82
MinimumVisualStudioVersion = 10.0.40219.1
Project("{FAE04EC0-301F-11D3-BF4B-00C04F79EFBC}") = "MiBanco", "MiBanco.csproj", "{DD2203BF-F2A0-4D11-A847-27F43B7255C5}"
EndProject
Project("{2150E333-8FDC-42A3-9474-1A3956D46DE8}") = "Aplication", "Aplication", "{E07DD916-9F0A-4F37-8409-DEA6EBF23F7D}"
EndProject
Project("{2150E333-8FDC-42A3-9474-1A3956D46DE8}") = "CrossCutting", "CrossCutting", "{63036C00-EE35-4CAA-A47C-79BD90369C89}"
EndProject
Project("{2150E333-8FDC-42A3-9474-1A3956D46DE8}") = "Domain", "Domain", "{78E181B0-6C18-41C4-90C4-EFE398A9EE22}"
EndProject
Project("{2150E333-8FDC-42A3-9474-1A3956D46DE8}") = "Infrastruture", "Infrastruture", "{708DE6D2-4D1C-44C5-8522-AE8E5B4357E7}"
EndProject
Project("{9A19103F-16F7-4668-BE54-9A1E7A4F7556}") = "MiBancoService.Application", "..\MiBancoService.Application\MiBancoService.Application.csproj", "{99021C80-DB37-4CC7-BCB6-B5272BB1595F}"
EndProject
Project("{9A19103F-16F7-4668-BE54-9A1E7A4F7556}") = "MiBancoService.Application.Contracts", "..\MiBancoService.Application.Contracts\MiBancoService.Application.Contracts.csproj", "{3F1AFB15-C224-4422-BC0C-B3D75CEDBD10}"
EndProject
Project("{9A19103F-16F7-4668-BE54-9A1E7A4F7556}") = "MiBancoService.Application.DTOs", "..\MiBancoService.Application.DTOs\MiBancoService.Application.DTOs.csproj", "{3F8F74F7-4415-482D-8A8A-895E57001B24}"
EndProject
Project("{9A19103F-16F7-4668-BE54-9A1E7A4F7556}") = "MiBancoService.CrossCutting", "..\MiBancoService.CrossCutting\MiBancoService.CrossCutting.csproj", "{58BB060C-DFC7-4112-A58C-79DD855DA41B}"
EndProject
Project("{9A19103F-16F7-4668-BE54-9A1E7A4F7556}") = "MiBancoService.Domain", "..\MiBancoService.Domain\MiBancoService.Domain.csproj", "{52E0D69F-CD71-43FB-8DCC-62CAAB4DFE4B}"
EndProject
Project("{9A19103F-16F7-4668-BE54-9A1E7A4F7556}") = "MiBancoService.Infrastructure.Contracts", "..\MiBancoService.Infrastructure.Contracts\MiBancoService.Infrastructure.Contracts.csproj", "{884898CF-A00D-430C-A3D5-43E89294A39E}"
EndProject
Project("{9A19103F-16F7-4668-BE54-9A1E7A4F7556}") = "MiBancoService.Infrastructure", "..\MiBancoService.Infrastructure\MiBancoService.Infrastructure.csproj", "{D4E30730-DB67-486F-AA06-DD9C71903FE1}"
EndProject
Global
	GlobalSection(SolutionConfigurationPlatforms) = preSolution
		Debug|Any CPU = Debug|Any CPU
		Release|Any CPU = Release|Any CPU
	EndGlobalSection
	GlobalSection(ProjectConfigurationPlatforms) = postSolution
		{DD2203BF-F2A0-4D11-A847-27F43B7255C5}.Debug|Any CPU.ActiveCfg = Debug|Any CPU
		{DD2203BF-F2A0-4D11-A847-27F43B7255C5}.Debug|Any CPU.Build.0 = Debug|Any CPU
		{DD2203BF-F2A0-4D11-A847-27F43B7255C5}.Release|Any CPU.ActiveCfg = Release|Any CPU
		{DD2203BF-F2A0-4D11-A847-27F43B7255C5}.Release|Any CPU.Build.0 = Release|Any CPU
		{99021C80-DB37-4CC7-BCB6-B5272BB1595F}.Debug|Any CPU.ActiveCfg = Debug|Any CPU
		{99021C80-DB37-4CC7-BCB6-B5272BB1595F}.Debug|Any CPU.Build.0 = Debug|Any CPU
		{99021C80-DB37-4CC7-BCB6-B5272BB1595F}.Release|Any CPU.ActiveCfg = Release|Any CPU
		{99021C80-DB37-4CC7-BCB6-B5272BB1595F}.Release|Any CPU.Build.0 = Release|Any CPU
		{3F1AFB15-C224-4422-BC0C-B3D75CEDBD10}.Debug|Any CPU.ActiveCfg = Debug|Any CPU
		{3F1AFB15-C224-4422-BC0C-B3D75CEDBD10}.Debug|Any CPU.Build.0 = Debug|Any CPU
		{3F1AFB15-C224-4422-BC0C-B3D75CEDBD10}.Release|Any CPU.ActiveCfg = Release|Any CPU
		{3F1AFB15-C224-4422-BC0C-B3D75CEDBD10}.Release|Any CPU.Build.0 = Release|Any CPU
		{3F8F74F7-4415-482D-8A8A-895E57001B24}.Debug|Any CPU.ActiveCfg = Debug|Any CPU
		{3F8F74F7-4415-482D-8A8A-895E57001B24}.Debug|Any CPU.Build.0 = Debug|Any CPU
		{3F8F74F7-4415-482D-8A8A-895E57001B24}.Release|Any CPU.ActiveCfg = Release|Any CPU
		{3F8F74F7-4415-482D-8A8A-895E57001B24}.Release|Any CPU.Build.0 = Release|Any CPU
		{58BB060C-DFC7-4112-A58C-79DD855DA41B}.Debug|Any CPU.ActiveCfg = Debug|Any CPU
		{58BB060C-DFC7-4112-A58C-79DD855DA41B}.Debug|Any CPU.Build.0 = Debug|Any CPU
		{58BB060C-DFC7-4112-A58C-79DD855DA41B}.Release|Any CPU.ActiveCfg = Release|Any CPU
		{58BB060C-DFC7-4112-A58C-79DD855DA41B}.Release|Any CPU.Build.0 = Release|Any CPU
		{52E0D69F-CD71-43FB-8DCC-62CAAB4DFE4B}.Debug|Any CPU.ActiveCfg = Debug|Any CPU
		{52E0D69F-CD71-43FB-8DCC-62CAAB4DFE4B}.Debug|Any CPU.Build.0 = Debug|Any CPU
		{52E0D69F-CD71-43FB-8DCC-62CAAB4DFE4B}.Release|Any CPU.ActiveCfg = Release|Any CPU
		{52E0D69F-CD71-43FB-8DCC-62CAAB4DFE4B}.Release|Any CPU.Build.0 = Release|Any CPU
		{884898CF-A00D-430C-A3D5-43E89294A39E}.Debug|Any CPU.ActiveCfg = Debug|Any CPU
		{884898CF-A00D-430C-A3D5-43E89294A39E}.Debug|Any CPU.Build.0 = Debug|Any CPU
		{884898CF-A00D-430C-A3D5-43E89294A39E}.Release|Any CPU.ActiveCfg = Release|Any CPU
		{884898CF-A00D-430C-A3D5-43E89294A39E}.Release|Any CPU.Build.0 = Release|Any CPU
		{D4E30730-DB67-486F-AA06-DD9C71903FE1}.Debug|Any CPU.ActiveCfg = Debug|Any CPU
		{D4E30730-DB67-486F-AA06-DD9C71903FE1}.Debug|Any CPU.Build.0 = Debug|Any CPU
		{D4E30730-DB67-486F-AA06-DD9C71903FE1}.Release|Any CPU.ActiveCfg = Release|Any CPU
		{D4E30730-DB67-486F-AA06-DD9C71903FE1}.Release|Any CPU.Build.0 = Release|Any CPU
	EndGlobalSection
	GlobalSection(SolutionProperties) = preSolution
		HideSolutionNode = FALSE
	EndGlobalSection
	GlobalSection(NestedProjects) = preSolution
		{99021C80-DB37-4CC7-BCB6-B5272BB1595F} = {E07DD916-9F0A-4F37-8409-DEA6EBF23F7D}
		{3F1AFB15-C224-4422-BC0C-B3D75CEDBD10} = {E07DD916-9F0A-4F37-8409-DEA6EBF23F7D}
		{3F8F74F7-4415-482D-8A8A-895E57001B24} = {E07DD916-9F0A-4F37-8409-DEA6EBF23F7D}
		{58BB060C-DFC7-4112-A58C-79DD855DA41B} = {63036C00-EE35-4CAA-A47C-79BD90369C89}
		{52E0D69F-CD71-43FB-8DCC-62CAAB4DFE4B} = {78E181B0-6C18-41C4-90C4-EFE398A9EE22}
		{884898CF-A00D-430C-A3D5-43E89294A39E} = {708DE6D2-4D1C-44C5-8522-AE8E5B4357E7}
		{D4E30730-DB67-486F-AA06-DD9C71903FE1} = {708DE6D2-4D1C-44C5-8522-AE8E5B4357E7}
	EndGlobalSection
	GlobalSection(ExtensibilityGlobals) = postSolution
		SolutionGuid = {D40E6289-6275-43B0-AAD3-3E88ADD0594F}
	EndGlobalSection
EndGlobal
